# This file is automatically @generated by Poetry 2.1.2 and should not be changed by hand.

[[package]]
name = "rarfile"
version = "4.2"
description = "RAR archive reader for Python"
optional = false
python-versions = ">=3.6"
groups = ["main"]
files = [
    {file = "rarfile-4.2-py3-none-any.whl", hash = "sha256:8757e1e3757e32962e229cab2432efc1f15f210823cc96ccba0f6a39d17370c9"},
    {file = "rarfile-4.2.tar.gz", hash = "sha256:8e1c8e72d0845ad2b32a47ab11a719bc2e41165ec101fd4d3fe9e92aa3f469ef"},
]

[metadata]
lock-version = "2.1"
python-versions = ">=3.10,<3.13"
content-hash = "52db6cc2ed62ba3d7d3d2875c32ca983852f495d585e1ffa36c9c118af3a6739"
